
Microsoft Visual Studio Solution File, Format Version 12.00
# Visual Studio 15
VisualStudioVersion = 15.0.28010.2026
MinimumVisualStudioVersion = 10.0.40219.1
Project("{FAE04EC0-301F-11D3-BF4B-00C04F79EFBC}") = "ModbusDeneme", "ModbusDeneme\ModbusDeneme.csproj", "{377E1081-A3DD-40E2-AA5B-544CC34D58C8}"
EndProject
Global
	GlobalSection(SolutionConfigurationPlatforms) = preSolution
		Debug|Any CPU = Debug|Any CPU
		Release|Any CPU = Release|Any CPU
	EndGlobalSection
	GlobalSection(ProjectConfigurationPlatforms) = postSolution
		{377E1081-A3DD-40E2-AA5B-544CC34D58C8}.Debug|Any CPU.ActiveCfg = Debug|Any CPU
		{377E1081-A3DD-40E2-AA5B-544CC34D58C8}.Debug|Any CPU.Build.0 = Debug|Any CPU
		{377E1081-A3DD-40E2-AA5B-544CC34D58C8}.Release|Any CPU.ActiveCfg = Release|Any CPU
		{377E1081-A3DD-40E2-AA5B-544CC34D58C8}.Release|Any CPU.Build.0 = Release|Any CPU
	EndGlobalSection
	GlobalSection(SolutionProperties) = preSolution
		HideSolutionNode = FALSE
	EndGlobalSection
	GlobalSection(ExtensibilityGlobals) = postSolution
		SolutionGuid = {A86BB46E-B591-4B81-AE4C-C5F1F1A2067B}
	EndGlobalSection
EndGlobal
